
Microsoft Visual Studio Solution File, Format Version 12.00
# Visual Studio Version 17
VisualStudioVersion = 17.1.32210.238
MinimumVisualStudioVersion = 10.0.40219.1
Project("{888888A0-9F3D-457C-B088-3A5042F75D52}") = "DS_Project_005", "DS_Project_005\DS_Project_005.pyproj", "{2410459F-EDC0-4A40-A898-E3E3AC8CF8E1}"
EndProject
Global
	GlobalSection(SolutionConfigurationPlatforms) = preSolution
		Debug|Any CPU = Debug|Any CPU
		Release|Any CPU = Release|Any CPU
	EndGlobalSection
	GlobalSection(ProjectConfigurationPlatforms) = postSolution
		{2410459F-EDC0-4A40-A898-E3E3AC8CF8E1}.Debug|Any CPU.ActiveCfg = Debug|Any CPU
		{2410459F-EDC0-4A40-A898-E3E3AC8CF8E1}.Release|Any CPU.ActiveCfg = Release|Any CPU
	EndGlobalSection
	GlobalSection(SolutionProperties) = preSolution
		HideSolutionNode = FALSE
	EndGlobalSection
	GlobalSection(ExtensibilityGlobals) = postSolution
		SolutionGuid = {FAAA13CD-5B03-4390-B6A7-9BF586386E79}
	EndGlobalSection
EndGlobal
